// !$*UTF8*$!
{
	archiveVersion = 1;
	classes = {
	};
	objectVersion = 77;
	objects = {

/* Begin PBXBuildFile section */
		294D2B8A2DB6AB5300F13AAD /* CDReminder+CoreDataProperties.swift in Sources */ = {isa = PBXBuildFile; fileRef = 294D2B892DB6AB5300F13AAD /* CDReminder+CoreDataProperties.swift */; };
		294D2B8B2DB6AB5300F13AAD /* CDReminder+CoreDataClass.swift in Sources */ = {isa = PBXBuildFile; fileRef = 294D2B882DB6AB5300F13AAD /* CDReminder+CoreDataClass.swift */; };
		2954DC842DBA5D3A002DA4AF /* GoogleService-Info.plist in Resources */ = {isa = PBXBuildFile; fileRef = 2960754A2DB9602E00EF08DB /* GoogleService-Info.plist */; };
		2960C7732DB2126600265CF4 /* Model.xcdatamodeld in Sources */ = {isa = PBXBuildFile; fileRef = 2960C7712DB2126600265CF4 /* Model.xcdatamodeld */; };
		299598852DAF7C140049D6B0 /* FirebaseAnalytics in Frameworks */ = {isa = PBXBuildFile; productRef = 299598842DAF7C140049D6B0 /* FirebaseAnalytics */; };
		299598872DAF7C140049D6B0 /* FirebaseAnalyticsWithoutAdIdSupport in Frameworks */ = {isa = PBXBuildFile; productRef = 299598862DAF7C140049D6B0 /* FirebaseAnalyticsWithoutAdIdSupport */; };
		299598892DAF7C140049D6B0 /* FirebaseAuth in Frameworks */ = {isa = PBXBuildFile; productRef = 299598882DAF7C140049D6B0 /* FirebaseAuth */; };
		2995988B2DAF7C140049D6B0 /* FirebaseAuthCombine-Community in Frameworks */ = {isa = PBXBuildFile; productRef = 2995988A2DAF7C140049D6B0 /* FirebaseAuthCombine-Community */; };
		2995988D2DAF7C140049D6B0 /* FirebaseCore in Frameworks */ = {isa = PBXBuildFile; productRef = 2995988C2DAF7C140049D6B0 /* FirebaseCore */; };
		2995988F2DAF7C140049D6B0 /* FirebaseDatabase in Frameworks */ = {isa = PBXBuildFile; productRef = 2995988E2DAF7C140049D6B0 /* FirebaseDatabase */; };
		299598912DAF7C140049D6B0 /* FirebaseFirestore in Frameworks */ = {isa = PBXBuildFile; productRef = 299598902DAF7C140049D6B0 /* FirebaseFirestore */; };
		299598932DAF7C140049D6B0 /* FirebaseMessaging in Frameworks */ = {isa = PBXBuildFile; productRef = 299598922DAF7C140049D6B0 /* FirebaseMessaging */; };
		299598952DAF7C140049D6B0 /* FirebaseRemoteConfig in Frameworks */ = {isa = PBXBuildFile; productRef = 299598942DAF7C140049D6B0 /* FirebaseRemoteConfig */; };
		299598972DAF7C140049D6B0 /* FirebaseStorage in Frameworks */ = {isa = PBXBuildFile; productRef = 299598962DAF7C140049D6B0 /* FirebaseStorage */; };
		29F5AA542DB9461C00CEDF5E /* GoogleSignIn in Frameworks */ = {isa = PBXBuildFile; productRef = 29F5AA532DB9461C00CEDF5E /* GoogleSignIn */; };
		29F5AA562DB9461C00CEDF5E /* GoogleSignInSwift in Frameworks */ = {isa = PBXBuildFile; productRef = 29F5AA552DB9461C00CEDF5E /* GoogleSignInSwift */; };
/* End PBXBuildFile section */

/* Begin PBXContainerItemProxy section */
		046786E22D97E2EA00D6D175 /* PBXContainerItemProxy */ = {
			isa = PBXContainerItemProxy;
			containerPortal = 046786C92D97E2E900D6D175 /* Project object */;
			proxyType = 1;
			remoteGlobalIDString = 046786D02D97E2E900D6D175;
			remoteInfo = Explorer;
		};
		046786EC2D97E2EA00D6D175 /* PBXContainerItemProxy */ = {
			isa = PBXContainerItemProxy;
			containerPortal = 046786C92D97E2E900D6D175 /* Project object */;
			proxyType = 1;
			remoteGlobalIDString = 046786D02D97E2E900D6D175;
			remoteInfo = Explorer;
		};
/* End PBXContainerItemProxy section */

/* Begin PBXFileReference section */
		046786D12D97E2E900D6D175 /* Explorer.app */ = {isa = PBXFileReference; explicitFileType = wrapper.application; includeInIndex = 0; path = Explorer.app; sourceTree = BUILT_PRODUCTS_DIR; };
		046786E12D97E2EA00D6D175 /* ExplorerTests.xctest */ = {isa = PBXFileReference; explicitFileType = wrapper.cfbundle; includeInIndex = 0; path = ExplorerTests.xctest; sourceTree = BUILT_PRODUCTS_DIR; };
		046786EB2D97E2EA00D6D175 /* ExplorerUITests.xctest */ = {isa = PBXFileReference; explicitFileType = wrapper.cfbundle; includeInIndex = 0; path = ExplorerUITests.xctest; sourceTree = BUILT_PRODUCTS_DIR; };
		294D2B882DB6AB5300F13AAD /* CDReminder+CoreDataClass.swift */ = {isa = PBXFileReference; lastKnownFileType = sourcecode.swift; path = "CDReminder+CoreDataClass.swift"; sourceTree = "<group>"; };
		294D2B892DB6AB5300F13AAD /* CDReminder+CoreDataProperties.swift */ = {isa = PBXFileReference; lastKnownFileType = sourcecode.swift; path = "CDReminder+CoreDataProperties.swift"; sourceTree = "<group>"; };
		2960754A2DB9602E00EF08DB /* GoogleService-Info.plist */ = {isa = PBXFileReference; lastKnownFileType = text.plist.xml; path = "GoogleService-Info.plist"; sourceTree = "<group>"; };
		2960C7722DB2126600265CF4 /* Model.xcdatamodel */ = {isa = PBXFileReference; lastKnownFileType = wrapper.xcdatamodel; path = Model.xcdatamodel; sourceTree = "<group>"; };
/* End PBXFileReference section */

/* Begin PBXFileSystemSynchronizedBuildFileExceptionSet section */
		2978C4B02DA84027001F14C5 /* Exceptions for "Explorer" folder in "Explorer" target */ = {
			isa = PBXFileSystemSynchronizedBuildFileExceptionSet;
			membershipExceptions = (
				"GoogleService-Info.plist",
				Info.plist,
			);
			target = 046786D02D97E2E900D6D175 /* Explorer */;
		};
/* End PBXFileSystemSynchronizedBuildFileExceptionSet section */

/* Begin PBXFileSystemSynchronizedRootGroup section */
		046786D32D97E2E900D6D175 /* Explorer */ = {
			isa = PBXFileSystemSynchronizedRootGroup;
			exceptions = (
				2978C4B02DA84027001F14C5 /* Exceptions for "Explorer" folder in "Explorer" target */,
			);
			path = Explorer;
			sourceTree = "<group>";
		};
		046786E42D97E2EA00D6D175 /* ExplorerTests */ = {
			isa = PBXFileSystemSynchronizedRootGroup;
			path = ExplorerTests;
			sourceTree = "<group>";
		};
		046786EE2D97E2EA00D6D175 /* ExplorerUITests */ = {
			isa = PBXFileSystemSynchronizedRootGroup;
			path = ExplorerUITests;
			sourceTree = "<group>";
		};
/* End PBXFileSystemSynchronizedRootGroup section */

/* Begin PBXFrameworksBuildPhase section */
		046786CE2D97E2E900D6D175 /* Frameworks */ = {
			isa = PBXFrameworksBuildPhase;
			buildActionMask = 2147483647;
			files = (
				299598952DAF7C140049D6B0 /* FirebaseRemoteConfig in Frameworks */,
				299598932DAF7C140049D6B0 /* FirebaseMessaging in Frameworks */,
				29F5AA542DB9461C00CEDF5E /* GoogleSignIn in Frameworks */,
				29F5AA562DB9461C00CEDF5E /* GoogleSignInSwift in Frameworks */,
				2995988F2DAF7C140049D6B0 /* FirebaseDatabase in Frameworks */,
				299598972DAF7C140049D6B0 /* FirebaseStorage in Frameworks */,
				299598852DAF7C140049D6B0 /* FirebaseAnalytics in Frameworks */,
				2995988D2DAF7C140049D6B0 /* FirebaseCore in Frameworks */,
				299598892DAF7C140049D6B0 /* FirebaseAuth in Frameworks */,
				299598872DAF7C140049D6B0 /* FirebaseAnalyticsWithoutAdIdSupport in Frameworks */,
				2995988B2DAF7C140049D6B0 /* FirebaseAuthCombine-Community in Frameworks */,
				299598912DAF7C140049D6B0 /* FirebaseFirestore in Frameworks */,
			);
			runOnlyForDeploymentPostprocessing = 0;
		};
		046786DE2D97E2EA00D6D175 /* Frameworks */ = {
			isa = PBXFrameworksBuildPhase;
			buildActionMask = 2147483647;
			files = (
			);
			runOnlyForDeploymentPostprocessing = 0;
		};
		046786E82D97E2EA00D6D175 /* Frameworks */ = {
			isa = PBXFrameworksBuildPhase;
			buildActionMask = 2147483647;
			files = (
			);
			runOnlyForDeploymentPostprocessing = 0;
		};
/* End PBXFrameworksBuildPhase section */

/* Begin PBXGroup section */
		046786C82D97E2E900D6D175 = {
			isa = PBXGroup;
			children = (
				294D2B882DB6AB5300F13AAD /* CDReminder+CoreDataClass.swift */,
				294D2B892DB6AB5300F13AAD /* CDReminder+CoreDataProperties.swift */,
				2960C7712DB2126600265CF4 /* Model.xcdatamodeld */,
				046786D32D97E2E900D6D175 /* Explorer */,
				046786E42D97E2EA00D6D175 /* ExplorerTests */,
				046786EE2D97E2EA00D6D175 /* ExplorerUITests */,
				046786D22D97E2E900D6D175 /* Products */,
				2960754A2DB9602E00EF08DB /* GoogleService-Info.plist */,
			);
			sourceTree = "<group>";
		};
		046786D22D97E2E900D6D175 /* Products */ = {
			isa = PBXGroup;
			children = (
				046786D12D97E2E900D6D175 /* Explorer.app */,
				046786E12D97E2EA00D6D175 /* ExplorerTests.xctest */,
				046786EB2D97E2EA00D6D175 /* ExplorerUITests.xctest */,
			);
			name = Products;
			sourceTree = "<group>";
		};
/* End PBXGroup section */

/* Begin PBXNativeTarget section */
		046786D02D97E2E900D6D175 /* Explorer */ = {
			isa = PBXNativeTarget;
			buildConfigurationList = 046786F52D97E2EA00D6D175 /* Build configuration list for PBXNativeTarget "Explorer" */;
			buildPhases = (
				046786CD2D97E2E900D6D175 /* Sources */,
				046786CE2D97E2E900D6D175 /* Frameworks */,
				046786CF2D97E2E900D6D175 /* Resources */,
			);
			buildRules = (
			);
			dependencies = (
			);
			fileSystemSynchronizedGroups = (
				046786D32D97E2E900D6D175 /* Explorer */,
			);
			name = Explorer;
			packageProductDependencies = (
				299598842DAF7C140049D6B0 /* FirebaseAnalytics */,
				299598862DAF7C140049D6B0 /* FirebaseAnalyticsWithoutAdIdSupport */,
				299598882DAF7C140049D6B0 /* FirebaseAuth */,
				2995988A2DAF7C140049D6B0 /* FirebaseAuthCombine-Community */,
				2995988C2DAF7C140049D6B0 /* FirebaseCore */,
				2995988E2DAF7C140049D6B0 /* FirebaseDatabase */,
				299598902DAF7C140049D6B0 /* FirebaseFirestore */,
				299598922DAF7C140049D6B0 /* FirebaseMessaging */,
				299598942DAF7C140049D6B0 /* FirebaseRemoteConfig */,
				299598962DAF7C140049D6B0 /* FirebaseStorage */,
				29F5AA532DB9461C00CEDF5E /* GoogleSignIn */,
				29F5AA552DB9461C00CEDF5E /* GoogleSignInSwift */,
			);
			productName = Explorer;
			productReference = 046786D12D97E2E900D6D175 /* Explorer.app */;
			productType = "com.apple.product-type.application";
		};
		046786E02D97E2EA00D6D175 /* ExplorerTests */ = {
			isa = PBXNativeTarget;
			buildConfigurationList = 046786F82D97E2EA00D6D175 /* Build configuration list for PBXNativeTarget "ExplorerTests" */;
			buildPhases = (
				046786DD2D97E2EA00D6D175 /* Sources */,
				046786DE2D97E2EA00D6D175 /* Frameworks */,
				046786DF2D97E2EA00D6D175 /* Resources */,
			);
			buildRules = (
			);
			dependencies = (
				046786E32D97E2EA00D6D175 /* PBXTargetDependency */,
			);
			fileSystemSynchronizedGroups = (
				046786E42D97E2EA00D6D175 /* ExplorerTests */,
			);
			name = ExplorerTests;
			packageProductDependencies = (
			);
			productName = ExplorerTests;
			productReference = 046786E12D97E2EA00D6D175 /* ExplorerTests.xctest */;
			productType = "com.apple.product-type.bundle.unit-test";
		};
		046786EA2D97E2EA00D6D175 /* ExplorerUITests */ = {
			isa = PBXNativeTarget;
			buildConfigurationList = 046786FB2D97E2EA00D6D175 /* Build configuration list for PBXNativeTarget "ExplorerUITests" */;
			buildPhases = (
				046786E72D97E2EA00D6D175 /* Sources */,
				046786E82D97E2EA00D6D175 /* Frameworks */,
				046786E92D97E2EA00D6D175 /* Resources */,
			);
			buildRules = (
			);
			dependencies = (
				046786ED2D97E2EA00D6D175 /* PBXTargetDependency */,
			);
			fileSystemSynchronizedGroups = (
				046786EE2D97E2EA00D6D175 /* ExplorerUITests */,
			);
			name = ExplorerUITests;
			packageProductDependencies = (
			);
			productName = ExplorerUITests;
			productReference = 046786EB2D97E2EA00D6D175 /* ExplorerUITests.xctest */;
			productType = "com.apple.product-type.bundle.ui-testing";
		};
/* End PBXNativeTarget section */

/* Begin PBXProject section */
		046786C92D97E2E900D6D175 /* Project object */ = {
			isa = PBXProject;
			attributes = {
				BuildIndependentTargetsInParallel = 1;
				LastSwiftUpdateCheck = 1620;
				LastUpgradeCheck = 1620;
				TargetAttributes = {
					046786D02D97E2E900D6D175 = {
						CreatedOnToolsVersion = 16.2;
					};
					046786E02D97E2EA00D6D175 = {
						CreatedOnToolsVersion = 16.2;
						TestTargetID = 046786D02D97E2E900D6D175;
					};
					046786EA2D97E2EA00D6D175 = {
						CreatedOnToolsVersion = 16.2;
						TestTargetID = 046786D02D97E2E900D6D175;
					};
				};
			};
			buildConfigurationList = 046786CC2D97E2E900D6D175 /* Build configuration list for PBXProject "Explorer" */;
			developmentRegion = en;
			hasScannedForEncodings = 0;
			knownRegions = (
				en,
				Base,
			);
			mainGroup = 046786C82D97E2E900D6D175;
			minimizedProjectReferenceProxies = 1;
			packageReferences = (
				299598832DAF7C140049D6B0 /* XCRemoteSwiftPackageReference "firebase-ios-sdk" */,
				29F5AA522DB9461C00CEDF5E /* XCRemoteSwiftPackageReference "GoogleSignIn-iOS" */,
			);
			preferredProjectObjectVersion = 77;
			productRefGroup = 046786D22D97E2E900D6D175 /* Products */;
			projectDirPath = "";
			projectRoot = "";
			targets = (
				046786D02D97E2E900D6D175 /* Explorer */,
				046786E02D97E2EA00D6D175 /* ExplorerTests */,
				046786EA2D97E2EA00D6D175 /* ExplorerUITests */,
			);
		};
/* End PBXProject section */

/* Begin PBXResourcesBuildPhase section */
		046786CF2D97E2E900D6D175 /* Resources */ = {
			isa = PBXResourcesBuildPhase;
			buildActionMask = 2147483647;
			files = (
				2954DC842DBA5D3A002DA4AF /* GoogleService-Info.plist in Resources */,
			);
			runOnlyForDeploymentPostprocessing = 0;
		};
		046786DF2D97E2EA00D6D175 /* Resources */ = {
			isa = PBXResourcesBuildPhase;
			buildActionMask = 2147483647;
			files = (
			);
			runOnlyForDeploymentPostprocessing = 0;
		};
		046786E92D97E2EA00D6D175 /* Resources */ = {
			isa = PBXResourcesBuildPhase;
			buildActionMask = 2147483647;
			files = (
			);
			runOnlyForDeploymentPostprocessing = 0;
		};
/* End PBXResourcesBuildPhase section */

/* Begin PBXSourcesBuildPhase section */
		046786CD2D97E2E900D6D175 /* Sources */ = {
			isa = PBXSourcesBuildPhase;
			buildActionMask = 2147483647;
			files = (
				294D2B8A2DB6AB5300F13AAD /* CDReminder+CoreDataProperties.swift in Sources */,
				294D2B8B2DB6AB5300F13AAD /* CDReminder+CoreDataClass.swift in Sources */,
				2960C7732DB2126600265CF4 /* Model.xcdatamodeld in Sources */,
			);
			runOnlyForDeploymentPostprocessing = 0;
		};
		046786DD2D97E2EA00D6D175 /* Sources */ = {
			isa = PBXSourcesBuildPhase;
			buildActionMask = 2147483647;
			files = (
			);
			runOnlyForDeploymentPostprocessing = 0;
		};
		046786E72D97E2EA00D6D175 /* Sources */ = {
			isa = PBXSourcesBuildPhase;
			buildActionMask = 2147483647;
			files = (
			);
			runOnlyForDeploymentPostprocessing = 0;
		};
/* End PBXSourcesBuildPhase section */

/* Begin PBXTargetDependency section */
		046786E32D97E2EA00D6D175 /* PBXTargetDependency */ = {
			isa = PBXTargetDependency;
			target = 046786D02D97E2E900D6D175 /* Explorer */;
			targetProxy = 046786E22D97E2EA00D6D175 /* PBXContainerItemProxy */;
		};
		046786ED2D97E2EA00D6D175 /* PBXTargetDependency */ = {
			isa = PBXTargetDependency;
			target = 046786D02D97E2E900D6D175 /* Explorer */;
			targetProxy = 046786EC2D97E2EA00D6D175 /* PBXContainerItemProxy */;
		};
/* End PBXTargetDependency section */

/* Begin XCBuildConfiguration section */
		046786F32D97E2EA00D6D175 /* Debug */ = {
			isa = XCBuildConfiguration;
			buildSettings = {
				ALWAYS_SEARCH_USER_PATHS = NO;
				ASSETCATALOG_COMPILER_GENERATE_SWIFT_ASSET_SYMBOL_EXTENSIONS = YES;
				CLANG_ANALYZER_NONNULL = YES;
				CLANG_ANALYZER_NUMBER_OBJECT_CONVERSION = YES_AGGRESSIVE;
				CLANG_CXX_LANGUAGE_STANDARD = "gnu++20";
				CLANG_ENABLE_MODULES = YES;
				CLANG_ENABLE_OBJC_ARC = YES;
				CLANG_ENABLE_OBJC_WEAK = YES;
				CLANG_WARN_BLOCK_CAPTURE_AUTORELEASING = YES;
				CLANG_WARN_BOOL_CONVERSION = YES;
				CLANG_WARN_COMMA = YES;
				CLANG_WARN_CONSTANT_CONVERSION = YES;
				CLANG_WARN_DEPRECATED_OBJC_IMPLEMENTATIONS = YES;
				CLANG_WARN_DIRECT_OBJC_ISA_USAGE = YES_ERROR;
				CLANG_WARN_DOCUMENTATION_COMMENTS = YES;
				CLANG_WARN_EMPTY_BODY = YES;
				CLANG_WARN_ENUM_CONVERSION = YES;
				CLANG_WARN_INFINITE_RECURSION = YES;
				CLANG_WARN_INT_CONVERSION = YES;
				CLANG_WARN_NON_LITERAL_NULL_CONVERSION = YES;
				CLANG_WARN_OBJC_IMPLICIT_RETAIN_SELF = YES;
				CLANG_WARN_OBJC_LITERAL_CONVERSION = YES;
				CLANG_WARN_OBJC_ROOT_CLASS = YES_ERROR;
				CLANG_WARN_QUOTED_INCLUDE_IN_FRAMEWORK_HEADER = YES;
				CLANG_WARN_RANGE_LOOP_ANALYSIS = YES;
				CLANG_WARN_STRICT_PROTOTYPES = YES;
				CLANG_WARN_SUSPICIOUS_MOVE = YES;
				CLANG_WARN_UNGUARDED_AVAILABILITY = YES_AGGRESSIVE;
				CLANG_WARN_UNREACHABLE_CODE = YES;
				CLANG_WARN__DUPLICATE_METHOD_MATCH = YES;
				COPY_PHASE_STRIP = NO;
				DEBUG_INFORMATION_FORMAT = dwarf;
				ENABLE_STRICT_OBJC_MSGSEND = YES;
				ENABLE_TESTABILITY = YES;
				ENABLE_USER_SCRIPT_SANDBOXING = YES;
				GCC_C_LANGUAGE_STANDARD = gnu17;
				GCC_DYNAMIC_NO_PIC = NO;
				GCC_NO_COMMON_BLOCKS = YES;
				GCC_OPTIMIZATION_LEVEL = 0;
				GCC_PREPROCESSOR_DEFINITIONS = (
					"DEBUG=1",
					"$(inherited)",
				);
				GCC_WARN_64_TO_32_BIT_CONVERSION = YES;
				GCC_WARN_ABOUT_RETURN_TYPE = YES_ERROR;
				GCC_WARN_UNDECLARED_SELECTOR = YES;
				GCC_WARN_UNINITIALIZED_AUTOS = YES_AGGRESSIVE;
				GCC_WARN_UNUSED_FUNCTION = YES;
				GCC_WARN_UNUSED_VARIABLE = YES;
				IPHONEOS_DEPLOYMENT_TARGET = 18.2;
				LOCALIZATION_PREFERS_STRING_CATALOGS = YES;
				MTL_ENABLE_DEBUG_INFO = INCLUDE_SOURCE;
				MTL_FAST_MATH = YES;
				ONLY_ACTIVE_ARCH = YES;
				SDKROOT = iphoneos;
				SWIFT_ACTIVE_COMPILATION_CONDITIONS = "DEBUG $(inherited)";
				SWIFT_OPTIMIZATION_LEVEL = "-Onone";
			};
			name = Debug;
		};
		046786F42D97E2EA00D6D175 /* Release */ = {
			isa = XCBuildConfiguration;
			buildSettings = {
				ALWAYS_SEARCH_USER_PATHS = NO;
				ASSETCATALOG_COMPILER_GENERATE_SWIFT_ASSET_SYMBOL_EXTENSIONS = YES;
				CLANG_ANALYZER_NONNULL = YES;
				CLANG_ANALYZER_NUMBER_OBJECT_CONVERSION = YES_AGGRESSIVE;
				CLANG_CXX_LANGUAGE_STANDARD = "gnu++20";
				CLANG_ENABLE_MODULES = YES;
				CLANG_ENABLE_OBJC_ARC = YES;
				CLANG_ENABLE_OBJC_WEAK = YES;
				CLANG_WARN_BLOCK_CAPTURE_AUTORELEASING = YES;
				CLANG_WARN_BOOL_CONVERSION = YES;
				CLANG_WARN_COMMA = YES;
				CLANG_WARN_CONSTANT_CONVERSION = YES;
				CLANG_WARN_DEPRECATED_OBJC_IMPLEMENTATIONS = YES;
				CLANG_WARN_DIRECT_OBJC_ISA_USAGE = YES_ERROR;
				CLANG_WARN_DOCUMENTATION_COMMENTS = YES;
				CLANG_WARN_EMPTY_BODY = YES;
				CLANG_WARN_ENUM_CONVERSION = YES;
				CLANG_WARN_INFINITE_RECURSION = YES;
				CLANG_WARN_INT_CONVERSION = YES;
				CLANG_WARN_NON_LITERAL_NULL_CONVERSION = YES;
				CLANG_WARN_OBJC_IMPLICIT_RETAIN_SELF = YES;
				CLANG_WARN_OBJC_LITERAL_CONVERSION = YES;
				CLANG_WARN_OBJC_ROOT_CLASS = YES_ERROR;
				CLANG_WARN_QUOTED_INCLUDE_IN_FRAMEWORK_HEADER = YES;
				CLANG_WARN_RANGE_LOOP_ANALYSIS = YES;
				CLANG_WARN_STRICT_PROTOTYPES = YES;
				CLANG_WARN_SUSPICIOUS_MOVE = YES;
				CLANG_WARN_UNGUARDED_AVAILABILITY = YES_AGGRESSIVE;
				CLANG_WARN_UNREACHABLE_CODE = YES;
				CLANG_WARN__DUPLICATE_METHOD_MATCH = YES;
				COPY_PHASE_STRIP = NO;
				DEBUG_INFORMATION_FORMAT = "dwarf-with-dsym";
				ENABLE_NS_ASSERTIONS = NO;
				ENABLE_STRICT_OBJC_MSGSEND = YES;
				ENABLE_USER_SCRIPT_SANDBOXING = YES;
				GCC_C_LANGUAGE_STANDARD = gnu17;
				GCC_NO_COMMON_BLOCKS = YES;
				GCC_WARN_64_TO_32_BIT_CONVERSION = YES;
				GCC_WARN_ABOUT_RETURN_TYPE = YES_ERROR;
				GCC_WARN_UNDECLARED_SELECTOR = YES;
				GCC_WARN_UNINITIALIZED_AUTOS = YES_AGGRESSIVE;
				GCC_WARN_UNUSED_FUNCTION = YES;
				GCC_WARN_UNUSED_VARIABLE = YES;
				IPHONEOS_DEPLOYMENT_TARGET = 18.2;
				LOCALIZATION_PREFERS_STRING_CATALOGS = YES;
				MTL_ENABLE_DEBUG_INFO = NO;
				MTL_FAST_MATH = YES;
				SDKROOT = iphoneos;
				SWIFT_COMPILATION_MODE = wholemodule;
				VALIDATE_PRODUCT = YES;
			};
			name = Release;
		};
		046786F62D97E2EA00D6D175 /* Debug */ = {
			isa = XCBuildConfiguration;
			buildSettings = {
				ASSETCATALOG_COMPILER_APPICON_NAME = AppIcon;
				ASSETCATALOG_COMPILER_GLOBAL_ACCENT_COLOR_NAME = AccentColor;
				CODE_SIGN_ENTITLEMENTS = "";
				CODE_SIGN_STYLE = Automatic;
				CURRENT_PROJECT_VERSION = 1;
				DEVELOPMENT_ASSET_PATHS = "\"Explorer/Preview Content\"";
				DEVELOPMENT_TEAM = 37A7RQUJ5M;
				ENABLE_PREVIEWS = YES;
				GENERATE_INFOPLIST_FILE = YES;
				INFOPLIST_FILE = Explorer/Info.plist;
				INFOPLIST_KEY_NSLocationWhenInUseUsageDescription = "This app uses your location to show map directions.";
				INFOPLIST_KEY_NSRemindersUsageDescription = "THis App uses Reminders to create System Tasks & Alerts";
				INFOPLIST_KEY_UIApplicationSceneManifest_Generation = YES;
				INFOPLIST_KEY_UIApplicationSupportsIndirectInputEvents = YES;
				INFOPLIST_KEY_UILaunchScreen_Generation = YES;
				INFOPLIST_KEY_UISupportedInterfaceOrientations_iPad = "UIInterfaceOrientationPortrait UIInterfaceOrientationPortraitUpsideDown UIInterfaceOrientationLandscapeLeft UIInterfaceOrientationLandscapeRight";
				INFOPLIST_KEY_UISupportedInterfaceOrientations_iPhone = "UIInterfaceOrientationPortrait UIInterfaceOrientationLandscapeLeft UIInterfaceOrientationLandscapeRight";
				IPHONEOS_DEPLOYMENT_TARGET = 18.0;
				LD_RUNPATH_SEARCH_PATHS = (
					"$(inherited)",
					"@executable_path/Frameworks",
				);
				MARKETING_VERSION = 1.0;
				PRODUCT_BUNDLE_IDENTIFIER = Dilshan.Explorer;
				PRODUCT_NAME = "$(TARGET_NAME)";
				SWIFT_EMIT_LOC_STRINGS = YES;
				SWIFT_VERSION = 5.0;
				TARGETED_DEVICE_FAMILY = "1,2";
			};
			name = Debug;
		};
		046786F72D97E2EA00D6D175 /* Release */ = {
			isa = XCBuildConfiguration;
			buildSettings = {
				ASSETCATALOG_COMPILER_APPICON_NAME = AppIcon;
				ASSETCATALOG_COMPILER_GLOBAL_ACCENT_COLOR_NAME = AccentColor;
				CODE_SIGN_ENTITLEMENTS = "";
				CODE_SIGN_STYLE = Automatic;
				CURRENT_PROJECT_VERSION = 1;
				DEVELOPMENT_ASSET_PATHS = "\"Explorer/Preview Content\"";
				DEVELOPMENT_TEAM = 37A7RQUJ5M;
				ENABLE_PREVIEWS = YES;
				GENERATE_INFOPLIST_FILE = YES;
				INFOPLIST_FILE = Explorer/Info.plist;
				INFOPLIST_KEY_NSLocationWhenInUseUsageDescription = "This app uses your location to show map directions.";
				INFOPLIST_KEY_NSRemindersUsageDescription = "THis App uses Reminders to create System Tasks & Alerts";
				INFOPLIST_KEY_UIApplicationSceneManifest_Generation = YES;
				INFOPLIST_KEY_UIApplicationSupportsIndirectInputEvents = YES;
				INFOPLIST_KEY_UILaunchScreen_Generation = YES;
				INFOPLIST_KEY_UISupportedInterfaceOrientations_iPad = "UIInterfaceOrientationPortrait UIInterfaceOrientationPortraitUpsideDown UIInterfaceOrientationLandscapeLeft UIInterfaceOrientationLandscapeRight";
				INFOPLIST_KEY_UISupportedInterfaceOrientations_iPhone = "UIInterfaceOrientationPortrait UIInterfaceOrientationLandscapeLeft UIInterfaceOrientationLandscapeRight";
				IPHONEOS_DEPLOYMENT_TARGET = 18.0;
				LD_RUNPATH_SEARCH_PATHS = (
					"$(inherited)",
					"@executable_path/Frameworks",
				);
				MARKETING_VERSION = 1.0;
				PRODUCT_BUNDLE_IDENTIFIER = Dilshan.Explorer;
				PRODUCT_NAME = "$(TARGET_NAME)";
				SWIFT_EMIT_LOC_STRINGS = YES;
				SWIFT_VERSION = 5.0;
				TARGETED_DEVICE_FAMILY = "1,2";
			};
			name = Release;
		};
		046786F92D97E2EA00D6D175 /* Debug */ = {
			isa = XCBuildConfiguration;
			buildSettings = {
				BUNDLE_LOADER = "$(TEST_HOST)";
				CODE_SIGN_STYLE = Automatic;
				CURRENT_PROJECT_VERSION = 1;
				GENERATE_INFOPLIST_FILE = YES;
				IPHONEOS_DEPLOYMENT_TARGET = 18.2;
				MARKETING_VERSION = 1.0;
				PRODUCT_BUNDLE_IDENTIFIER = Dilshan.ExplorerTests;
				PRODUCT_NAME = "$(TARGET_NAME)";
				SWIFT_EMIT_LOC_STRINGS = NO;
				SWIFT_VERSION = 5.0;
				TARGETED_DEVICE_FAMILY = "1,2";
				TEST_HOST = "$(BUILT_PRODUCTS_DIR)/Explorer.app/$(BUNDLE_EXECUTABLE_FOLDER_PATH)/Explorer";
			};
			name = Debug;
		};
		046786FA2D97E2EA00D6D175 /* Release */ = {
			isa = XCBuildConfiguration;
			buildSettings = {
				BUNDLE_LOADER = "$(TEST_HOST)";
				CODE_SIGN_STYLE = Automatic;
				CURRENT_PROJECT_VERSION = 1;
				GENERATE_INFOPLIST_FILE = YES;
				IPHONEOS_DEPLOYMENT_TARGET = 18.2;
				MARKETING_VERSION = 1.0;
				PRODUCT_BUNDLE_IDENTIFIER = Dilshan.ExplorerTests;
				PRODUCT_NAME = "$(TARGET_NAME)";
				SWIFT_EMIT_LOC_STRINGS = NO;
				SWIFT_VERSION = 5.0;
				TARGETED_DEVICE_FAMILY = "1,2";
				TEST_HOST = "$(BUILT_PRODUCTS_DIR)/Explorer.app/$(BUNDLE_EXECUTABLE_FOLDER_PATH)/Explorer";
			};
			name = Release;
		};
		046786FC2D97E2EA00D6D175 /* Debug */ = {
			isa = XCBuildConfiguration;
			buildSettings = {
				CODE_SIGN_STYLE = Automatic;
				CURRENT_PROJECT_VERSION = 1;
				GENERATE_INFOPLIST_FILE = YES;
				MARKETING_VERSION = 1.0;
				PRODUCT_BUNDLE_IDENTIFIER = Dilshan.ExplorerUITests;
				PRODUCT_NAME = "$(TARGET_NAME)";
				SWIFT_EMIT_LOC_STRINGS = NO;
				SWIFT_VERSION = 5.0;
				TARGETED_DEVICE_FAMILY = "1,2";
				TEST_TARGET_NAME = Explorer;
			};
			name = Debug;
		};
		046786FD2D97E2EA00D6D175 /* Release */ = {
			isa = XCBuildConfiguration;
			buildSettings = {
				CODE_SIGN_STYLE = Automatic;
				CURRENT_PROJECT_VERSION = 1;
				GENERATE_INFOPLIST_FILE = YES;
				MARKETING_VERSION = 1.0;
				PRODUCT_BUNDLE_IDENTIFIER = Dilshan.ExplorerUITests;
				PRODUCT_NAME = "$(TARGET_NAME)";
				SWIFT_EMIT_LOC_STRINGS = NO;
				SWIFT_VERSION = 5.0;
				TARGETED_DEVICE_FAMILY = "1,2";
				TEST_TARGET_NAME = Explorer;
			};
			name = Release;
		};
/* End XCBuildConfiguration section */

/* Begin XCConfigurationList section */
		046786CC2D97E2E900D6D175 /* Build configuration list for PBXProject "Explorer" */ = {
			isa = XCConfigurationList;
			buildConfigurations = (
				046786F32D97E2EA00D6D175 /* Debug */,
				046786F42D97E2EA00D6D175 /* Release */,
			);
			defaultConfigurationIsVisible = 0;
			defaultConfigurationName = Release;
		};
		046786F52D97E2EA00D6D175 /* Build configuration list for PBXNativeTarget "Explorer" */ = {
			isa = XCConfigurationList;
			buildConfigurations = (
				046786F62D97E2EA00D6D175 /* Debug */,
				046786F72D97E2EA00D6D175 /* Release */,
			);
			defaultConfigurationIsVisible = 0;
			defaultConfigurationName = Release;
		};
		046786F82D97E2EA00D6D175 /* Build configuration list for PBXNativeTarget "ExplorerTests" */ = {
			isa = XCConfigurationList;
			buildConfigurations = (
				046786F92D97E2EA00D6D175 /* Debug */,
				046786FA2D97E2EA00D6D175 /* Release */,
			);
			defaultConfigurationIsVisible = 0;
			defaultConfigurationName = Release;
		};
		046786FB2D97E2EA00D6D175 /* Build configuration list for PBXNativeTarget "ExplorerUITests" */ = {
			isa = XCConfigurationList;
			buildConfigurations = (
				046786FC2D97E2EA00D6D175 /* Debug */,
				046786FD2D97E2EA00D6D175 /* Release */,
			);
			defaultConfigurationIsVisible = 0;
			defaultConfigurationName = Release;
		};
/* End XCConfigurationList section */

/* Begin XCRemoteSwiftPackageReference section */
		299598832DAF7C140049D6B0 /* XCRemoteSwiftPackageReference "firebase-ios-sdk" */ = {
			isa = XCRemoteSwiftPackageReference;
			repositoryURL = "https://github.com/firebase/firebase-ios-sdk";
			requirement = {
				kind = upToNextMajorVersion;
				minimumVersion = 11.11.0;
			};
		};
		29F5AA522DB9461C00CEDF5E /* XCRemoteSwiftPackageReference "GoogleSignIn-iOS" */ = {
			isa = XCRemoteSwiftPackageReference;
			repositoryURL = "https://github.com/google/GoogleSignIn-iOS";
			requirement = {
				kind = upToNextMajorVersion;
				minimumVersion = 8.0.0;
			};
		};
/* End XCRemoteSwiftPackageReference section */

/* Begin XCSwiftPackageProductDependency section */
		299598842DAF7C140049D6B0 /* FirebaseAnalytics */ = {
			isa = XCSwiftPackageProductDependency;
			package = 299598832DAF7C140049D6B0 /* XCRemoteSwiftPackageReference "firebase-ios-sdk" */;
			productName = FirebaseAnalytics;
		};
		299598862DAF7C140049D6B0 /* FirebaseAnalyticsWithoutAdIdSupport */ = {
			isa = XCSwiftPackageProductDependency;
			package = 299598832DAF7C140049D6B0 /* XCRemoteSwiftPackageReference "firebase-ios-sdk" */;
			productName = FirebaseAnalyticsWithoutAdIdSupport;
		};
		299598882DAF7C140049D6B0 /* FirebaseAuth */ = {
			isa = XCSwiftPackageProductDependency;
			package = 299598832DAF7C140049D6B0 /* XCRemoteSwiftPackageReference "firebase-ios-sdk" */;
			productName = FirebaseAuth;
		};
		2995988A2DAF7C140049D6B0 /* FirebaseAuthCombine-Community */ = {
			isa = XCSwiftPackageProductDependency;
			package = 299598832DAF7C140049D6B0 /* XCRemoteSwiftPackageReference "firebase-ios-sdk" */;
			productName = "FirebaseAuthCombine-Community";
		};
		2995988C2DAF7C140049D6B0 /* FirebaseCore */ = {
			isa = XCSwiftPackageProductDependency;
			package = 299598832DAF7C140049D6B0 /* XCRemoteSwiftPackageReference "firebase-ios-sdk" */;
			productName = FirebaseCore;
		};
		2995988E2DAF7C140049D6B0 /* FirebaseDatabase */ = {
			isa = XCSwiftPackageProductDependency;
			package = 299598832DAF7C140049D6B0 /* XCRemoteSwiftPackageReference "firebase-ios-sdk" */;
			productName = FirebaseDatabase;
		};
		299598902DAF7C140049D6B0 /* FirebaseFirestore */ = {
			isa = XCSwiftPackageProductDependency;
			package = 299598832DAF7C140049D6B0 /* XCRemoteSwiftPackageReference "firebase-ios-sdk" */;
			productName = FirebaseFirestore;
		};
		299598922DAF7C140049D6B0 /* FirebaseMessaging */ = {
			isa = XCSwiftPackageProductDependency;
			package = 299598832DAF7C140049D6B0 /* XCRemoteSwiftPackageReference "firebase-ios-sdk" */;
			productName = FirebaseMessaging;
		};
		299598942DAF7C140049D6B0 /* FirebaseRemoteConfig */ = {
			isa = XCSwiftPackageProductDependency;
			package = 299598832DAF7C140049D6B0 /* XCRemoteSwiftPackageReference "firebase-ios-sdk" */;
			productName = FirebaseRemoteConfig;
		};
		299598962DAF7C140049D6B0 /* FirebaseStorage */ = {
			isa = XCSwiftPackageProductDependency;
			package = 299598832DAF7C140049D6B0 /* XCRemoteSwiftPackageReference "firebase-ios-sdk" */;
			productName = FirebaseStorage;
		};
		29F5AA532DB9461C00CEDF5E /* GoogleSignIn */ = {
			isa = XCSwiftPackageProductDependency;
			package = 29F5AA522DB9461C00CEDF5E /* XCRemoteSwiftPackageReference "GoogleSignIn-iOS" */;
			productName = GoogleSignIn;
		};
		29F5AA552DB9461C00CEDF5E /* GoogleSignInSwift */ = {
			isa = XCSwiftPackageProductDependency;
			package = 29F5AA522DB9461C00CEDF5E /* XCRemoteSwiftPackageReference "GoogleSignIn-iOS" */;
			productName = GoogleSignInSwift;
		};
/* End XCSwiftPackageProductDependency section */

/* Begin XCVersionGroup section */
		2960C7712DB2126600265CF4 /* Model.xcdatamodeld */ = {
			isa = XCVersionGroup;
			children = (
				2960C7722DB2126600265CF4 /* Model.xcdatamodel */,
			);
			currentVersion = 2960C7722DB2126600265CF4 /* Model.xcdatamodel */;
			path = Model.xcdatamodeld;
			sourceTree = "<group>";
			versionGroupType = wrapper.xcdatamodel;
		};
/* End XCVersionGroup section */
	};
	rootObject = 046786C92D97E2E900D6D175 /* Project object */;
}
